
Microsoft Visual Studio Solution File, Format Version 12.00
# Visual Studio Version 16
VisualStudioVersion = 16.0.28803.352
MinimumVisualStudioVersion = 10.0.40219.1
Project("{FAE04EC0-301F-11D3-BF4B-00C04F79EFBC}") = "Sq.Candidato.ConsoleApp", "src\Sq.Candidato.ConsoleApp\Sq.Candidato.ConsoleApp.csproj", "{DDFA35B1-051F-4CFD-A9BB-EE1DAFCEFCDE}"
EndProject
Global
	GlobalSection(SolutionConfigurationPlatforms) = preSolution
		Debug|Any CPU = Debug|Any CPU
		Release|Any CPU = Release|Any CPU
	EndGlobalSection
	GlobalSection(ProjectConfigurationPlatforms) = postSolution
		{DDFA35B1-051F-4CFD-A9BB-EE1DAFCEFCDE}.Debug|Any CPU.ActiveCfg = Debug|Any CPU
		{DDFA35B1-051F-4CFD-A9BB-EE1DAFCEFCDE}.Debug|Any CPU.Build.0 = Debug|Any CPU
		{DDFA35B1-051F-4CFD-A9BB-EE1DAFCEFCDE}.Release|Any CPU.ActiveCfg = Release|Any CPU
		{DDFA35B1-051F-4CFD-A9BB-EE1DAFCEFCDE}.Release|Any CPU.Build.0 = Release|Any CPU
	EndGlobalSection
	GlobalSection(SolutionProperties) = preSolution
		HideSolutionNode = FALSE
	EndGlobalSection
	GlobalSection(ExtensibilityGlobals) = postSolution
		SolutionGuid = {BD8CA746-3876-4433-9DCB-FCF8C9969DC0}
	EndGlobalSection
EndGlobal
